// !$*UTF8*$!
{
	archiveVersion = 1;
	classes = {
	};
	objectVersion = 53;
	objects = {

/* Begin PBXBuildFile section */
		6E74F08C288C95E900C1A44D /* Binder.swift in Sources */ = {isa = PBXBuildFile; fileRef = 6E74F08B288C95E900C1A44D /* Binder.swift */; };
		6E74F08F288C968800C1A44D /* Binder+Extension.swift in Sources */ = {isa = PBXBuildFile; fileRef = 6E74F08E288C968800C1A44D /* Binder+Extension.swift */; };
		6E74F092288C977900C1A44D /* AgifyWithBindViewController.swift in Sources */ = {isa = PBXBuildFile; fileRef = 6E74F091288C977900C1A44D /* AgifyWithBindViewController.swift */; };
		6E74F094288C97BE00C1A44D /* AgifyWithBindViewModel.swift in Sources */ = {isa = PBXBuildFile; fileRef = 6E74F093288C97BE00C1A44D /* AgifyWithBindViewModel.swift */; };
		6E9161B22854CD9A00FE3930 /* AppDelegate.swift in Sources */ = {isa = PBXBuildFile; fileRef = 6E9161B12854CD9A00FE3930 /* AppDelegate.swift */; };
		6E9161B42854CD9A00FE3930 /* SceneDelegate.swift in Sources */ = {isa = PBXBuildFile; fileRef = 6E9161B32854CD9A00FE3930 /* SceneDelegate.swift */; };
		6E9161B62854CD9A00FE3930 /* AgifyViewController.swift in Sources */ = {isa = PBXBuildFile; fileRef = 6E9161B52854CD9A00FE3930 /* AgifyViewController.swift */; };
		6E9161B92854CD9A00FE3930 /* Main.storyboard in Resources */ = {isa = PBXBuildFile; fileRef = 6E9161B72854CD9A00FE3930 /* Main.storyboard */; };
		6E9161BB2854CD9C00FE3930 /* Assets.xcassets in Resources */ = {isa = PBXBuildFile; fileRef = 6E9161BA2854CD9C00FE3930 /* Assets.xcassets */; };
		6E9161BE2854CD9C00FE3930 /* LaunchScreen.storyboard in Resources */ = {isa = PBXBuildFile; fileRef = 6E9161BC2854CD9C00FE3930 /* LaunchScreen.storyboard */; };
		6EB718D2287503E600974D4A /* AgifyViewModel.swift in Sources */ = {isa = PBXBuildFile; fileRef = 6EB718D1287503E600974D4A /* AgifyViewModel.swift */; };
		6EB718D52875040300974D4A /* AgifyService.swift in Sources */ = {isa = PBXBuildFile; fileRef = 6EB718D42875040300974D4A /* AgifyService.swift */; };
		6EB718D72875041800974D4A /* PersonModel.swift in Sources */ = {isa = PBXBuildFile; fileRef = 6EB718D62875041800974D4A /* PersonModel.swift */; };
		6EB718DA2875043200974D4A /* Environment.swift in Sources */ = {isa = PBXBuildFile; fileRef = 6EB718D92875043200974D4A /* Environment.swift */; };
		6EB718DC2875043A00974D4A /* Endpoint.swift in Sources */ = {isa = PBXBuildFile; fileRef = 6EB718DB2875043A00974D4A /* Endpoint.swift */; };
		6EB718DE2875049200974D4A /* UIViewController+ShowAlert+Extension.swift in Sources */ = {isa = PBXBuildFile; fileRef = 6EB718DD2875049200974D4A /* UIViewController+ShowAlert+Extension.swift */; };
/* End PBXBuildFile section */

/* Begin PBXFileReference section */
		6E74F08B288C95E900C1A44D /* Binder.swift */ = {isa = PBXFileReference; lastKnownFileType = sourcecode.swift; path = Binder.swift; sourceTree = "<group>"; };
		6E74F08E288C968800C1A44D /* Binder+Extension.swift */ = {isa = PBXFileReference; lastKnownFileType = sourcecode.swift; path = "Binder+Extension.swift"; sourceTree = "<group>"; };
		6E74F091288C977900C1A44D /* AgifyWithBindViewController.swift */ = {isa = PBXFileReference; lastKnownFileType = sourcecode.swift; path = AgifyWithBindViewController.swift; sourceTree = "<group>"; };
		6E74F093288C97BE00C1A44D /* AgifyWithBindViewModel.swift */ = {isa = PBXFileReference; lastKnownFileType = sourcecode.swift; path = AgifyWithBindViewModel.swift; sourceTree = "<group>"; };
		6E9161AE2854CD9A00FE3930 /* MVVMComRequestAPI.app */ = {isa = PBXFileReference; explicitFileType = wrapper.application; includeInIndex = 0; path = MVVMComRequestAPI.app; sourceTree = BUILT_PRODUCTS_DIR; };
		6E9161B12854CD9A00FE3930 /* AppDelegate.swift */ = {isa = PBXFileReference; lastKnownFileType = sourcecode.swift; path = AppDelegate.swift; sourceTree = "<group>"; };
		6E9161B32854CD9A00FE3930 /* SceneDelegate.swift */ = {isa = PBXFileReference; lastKnownFileType = sourcecode.swift; path = SceneDelegate.swift; sourceTree = "<group>"; };
		6E9161B52854CD9A00FE3930 /* AgifyViewController.swift */ = {isa = PBXFileReference; lastKnownFileType = sourcecode.swift; path = AgifyViewController.swift; sourceTree = "<group>"; };
		6E9161B82854CD9A00FE3930 /* Base */ = {isa = PBXFileReference; lastKnownFileType = file.storyboard; name = Base; path = Base.lproj/Main.storyboard; sourceTree = "<group>"; };
		6E9161BA2854CD9C00FE3930 /* Assets.xcassets */ = {isa = PBXFileReference; lastKnownFileType = folder.assetcatalog; path = Assets.xcassets; sourceTree = "<group>"; };
		6E9161BD2854CD9C00FE3930 /* Base */ = {isa = PBXFileReference; lastKnownFileType = file.storyboard; name = Base; path = Base.lproj/LaunchScreen.storyboard; sourceTree = "<group>"; };
		6E9161BF2854CD9C00FE3930 /* Info.plist */ = {isa = PBXFileReference; lastKnownFileType = text.plist.xml; path = Info.plist; sourceTree = "<group>"; };
		6EB718D1287503E600974D4A /* AgifyViewModel.swift */ = {isa = PBXFileReference; lastKnownFileType = sourcecode.swift; path = AgifyViewModel.swift; sourceTree = "<group>"; };
		6EB718D42875040300974D4A /* AgifyService.swift */ = {isa = PBXFileReference; lastKnownFileType = sourcecode.swift; path = AgifyService.swift; sourceTree = "<group>"; };
		6EB718D62875041800974D4A /* PersonModel.swift */ = {isa = PBXFileReference; lastKnownFileType = sourcecode.swift; path = PersonModel.swift; sourceTree = "<group>"; };
		6EB718D92875043200974D4A /* Environment.swift */ = {isa = PBXFileReference; lastKnownFileType = sourcecode.swift; path = Environment.swift; sourceTree = "<group>"; };
		6EB718DB2875043A00974D4A /* Endpoint.swift */ = {isa = PBXFileReference; lastKnownFileType = sourcecode.swift; path = Endpoint.swift; sourceTree = "<group>"; };
		6EB718DD2875049200974D4A /* UIViewController+ShowAlert+Extension.swift */ = {isa = PBXFileReference; lastKnownFileType = sourcecode.swift; path = "UIViewController+ShowAlert+Extension.swift"; sourceTree = "<group>"; };
/* End PBXFileReference section */

/* Begin PBXFrameworksBuildPhase section */
		6E9161AB2854CD9A00FE3930 /* Frameworks */ = {
			isa = PBXFrameworksBuildPhase;
			buildActionMask = 2147483647;
			files = (
			);
			runOnlyForDeploymentPostprocessing = 0;
		};
/* End PBXFrameworksBuildPhase section */

/* Begin PBXGroup section */
		6E6B1354287502FF0082D03D /* ViewController */ = {
			isa = PBXGroup;
			children = (
				6E9161B52854CD9A00FE3930 /* AgifyViewController.swift */,
			);
			path = ViewController;
			sourceTree = "<group>";
		};
		6E6B13552875030E0082D03D /* Model */ = {
			isa = PBXGroup;
			children = (
				6EB718D62875041800974D4A /* PersonModel.swift */,
			);
			path = Model;
			sourceTree = "<group>";
		};
		6E6B1356287503130082D03D /* ViewModel */ = {
			isa = PBXGroup;
			children = (
				6EB718D1287503E600974D4A /* AgifyViewModel.swift */,
			);
			path = ViewModel;
			sourceTree = "<group>";
		};
		6E6B13572875031F0082D03D /* Features */ = {
			isa = PBXGroup;
			children = (
				6E74F090288C976600C1A44D /* AgifyWithBind */,
				6E6B135A287503480082D03D /* Agify */,
			);
			path = Features;
			sourceTree = "<group>";
		};
		6E6B1358287503260082D03D /* Resources */ = {
			isa = PBXGroup;
			children = (
				6E9161B72854CD9A00FE3930 /* Main.storyboard */,
				6E9161BA2854CD9C00FE3930 /* Assets.xcassets */,
				6E9161BC2854CD9C00FE3930 /* LaunchScreen.storyboard */,
				6E9161BF2854CD9C00FE3930 /* Info.plist */,
			);
			path = Resources;
			sourceTree = "<group>";
		};
		6E6B13592875032C0082D03D /* Aplication */ = {
			isa = PBXGroup;
			children = (
				6E9161B12854CD9A00FE3930 /* AppDelegate.swift */,
				6E9161B32854CD9A00FE3930 /* SceneDelegate.swift */,
			);
			path = Aplication;
			sourceTree = "<group>";
		};
		6E6B135A287503480082D03D /* Agify */ = {
			isa = PBXGroup;
			children = (
				6EB718D82875041C00974D4A /* Utils */,
				6EB718D3287503FA00974D4A /* Service */,
				6E6B13552875030E0082D03D /* Model */,
				6E6B1356287503130082D03D /* ViewModel */,
				6E6B1354287502FF0082D03D /* ViewController */,
			);
			path = Agify;
			sourceTree = "<group>";
		};
		6E74F08D288C966800C1A44D /* Common */ = {
			isa = PBXGroup;
			children = (
				6E74F08B288C95E900C1A44D /* Binder.swift */,
				6E74F08E288C968800C1A44D /* Binder+Extension.swift */,
			);
			path = Common;
			sourceTree = "<group>";
		};
		6E74F090288C976600C1A44D /* AgifyWithBind */ = {
			isa = PBXGroup;
			children = (
				6E74F091288C977900C1A44D /* AgifyWithBindViewController.swift */,
				6E74F093288C97BE00C1A44D /* AgifyWithBindViewModel.swift */,
			);
			path = AgifyWithBind;
			sourceTree = "<group>";
		};
		6E9161A52854CD9A00FE3930 = {
			isa = PBXGroup;
			children = (
				6E9161B02854CD9A00FE3930 /* MVVMComRequestAPI */,
				6E9161AF2854CD9A00FE3930 /* Products */,
			);
			sourceTree = "<group>";
		};
		6E9161AF2854CD9A00FE3930 /* Products */ = {
			isa = PBXGroup;
			children = (
				6E9161AE2854CD9A00FE3930 /* MVVMComRequestAPI.app */,
			);
			name = Products;
			sourceTree = "<group>";
		};
		6E9161B02854CD9A00FE3930 /* MVVMComRequestAPI */ = {
			isa = PBXGroup;
			children = (
				6E74F08D288C966800C1A44D /* Common */,
				6E6B13592875032C0082D03D /* Aplication */,
				6E6B1358287503260082D03D /* Resources */,
				6E6B13572875031F0082D03D /* Features */,
			);
			path = MVVMComRequestAPI;
			sourceTree = "<group>";
		};
		6EB718D3287503FA00974D4A /* Service */ = {
			isa = PBXGroup;
			children = (
				6EB718D42875040300974D4A /* AgifyService.swift */,
			);
			path = Service;
			sourceTree = "<group>";
		};
		6EB718D82875041C00974D4A /* Utils */ = {
			isa = PBXGroup;
			children = (
				6EB718D92875043200974D4A /* Environment.swift */,
				6EB718DB2875043A00974D4A /* Endpoint.swift */,
				6EB718DD2875049200974D4A /* UIViewController+ShowAlert+Extension.swift */,
			);
			path = Utils;
			sourceTree = "<group>";
		};
/* End PBXGroup section */

/* Begin PBXNativeTarget section */
		6E9161AD2854CD9A00FE3930 /* MVVMComRequestAPI */ = {
			isa = PBXNativeTarget;
			buildConfigurationList = 6E9161C22854CD9C00FE3930 /* Build configuration list for PBXNativeTarget "MVVMComRequestAPI" */;
			buildPhases = (
				6E9161AA2854CD9A00FE3930 /* Sources */,
				6E9161AB2854CD9A00FE3930 /* Frameworks */,
				6E9161AC2854CD9A00FE3930 /* Resources */,
			);
			buildRules = (
			);
			dependencies = (
			);
			name = MVVMComRequestAPI;
			productName = MVVMComRequestAPI;
			productReference = 6E9161AE2854CD9A00FE3930 /* MVVMComRequestAPI.app */;
			productType = "com.apple.product-type.application";
		};
/* End PBXNativeTarget section */

/* Begin PBXProject section */
		6E9161A62854CD9A00FE3930 /* Project object */ = {
			isa = PBXProject;
			attributes = {
				BuildIndependentTargetsInParallel = 1;
				LastSwiftUpdateCheck = 1300;
				LastUpgradeCheck = 1300;
				TargetAttributes = {
					6E9161AD2854CD9A00FE3930 = {
						CreatedOnToolsVersion = 13.0;
					};
				};
			};
			buildConfigurationList = 6E9161A92854CD9A00FE3930 /* Build configuration list for PBXProject "MVVMComRequestAPI" */;
			compatibilityVersion = "Xcode 10.0";
			developmentRegion = en;
			hasScannedForEncodings = 0;
			knownRegions = (
				en,
				Base,
			);
			mainGroup = 6E9161A52854CD9A00FE3930;
			productRefGroup = 6E9161AF2854CD9A00FE3930 /* Products */;
			projectDirPath = "";
			projectRoot = "";
			targets = (
				6E9161AD2854CD9A00FE3930 /* MVVMComRequestAPI */,
			);
		};
/* End PBXProject section */

/* Begin PBXResourcesBuildPhase section */
		6E9161AC2854CD9A00FE3930 /* Resources */ = {
			isa = PBXResourcesBuildPhase;
			buildActionMask = 2147483647;
			files = (
				6E9161BE2854CD9C00FE3930 /* LaunchScreen.storyboard in Resources */,
				6E9161BB2854CD9C00FE3930 /* Assets.xcassets in Resources */,
				6E9161B92854CD9A00FE3930 /* Main.storyboard in Resources */,
			);
			runOnlyForDeploymentPostprocessing = 0;
		};
/* End PBXResourcesBuildPhase section */

/* Begin PBXSourcesBuildPhase section */
		6E9161AA2854CD9A00FE3930 /* Sources */ = {
			isa = PBXSourcesBuildPhase;
			buildActionMask = 2147483647;
			files = (
				6E74F08F288C968800C1A44D /* Binder+Extension.swift in Sources */,
				6EB718D72875041800974D4A /* PersonModel.swift in Sources */,
				6E9161B62854CD9A00FE3930 /* AgifyViewController.swift in Sources */,
				6EB718DC2875043A00974D4A /* Endpoint.swift in Sources */,
				6E74F08C288C95E900C1A44D /* Binder.swift in Sources */,
				6EB718DE2875049200974D4A /* UIViewController+ShowAlert+Extension.swift in Sources */,
				6EB718D52875040300974D4A /* AgifyService.swift in Sources */,
				6EB718DA2875043200974D4A /* Environment.swift in Sources */,
				6E9161B22854CD9A00FE3930 /* AppDelegate.swift in Sources */,
				6E9161B42854CD9A00FE3930 /* SceneDelegate.swift in Sources */,
				6E74F094288C97BE00C1A44D /* AgifyWithBindViewModel.swift in Sources */,
				6EB718D2287503E600974D4A /* AgifyViewModel.swift in Sources */,
				6E74F092288C977900C1A44D /* AgifyWithBindViewController.swift in Sources */,
			);
			runOnlyForDeploymentPostprocessing = 0;
		};
/* End PBXSourcesBuildPhase section */

/* Begin PBXVariantGroup section */
		6E9161B72854CD9A00FE3930 /* Main.storyboard */ = {
			isa = PBXVariantGroup;
			children = (
				6E9161B82854CD9A00FE3930 /* Base */,
			);
			name = Main.storyboard;
			sourceTree = "<group>";
		};
		6E9161BC2854CD9C00FE3930 /* LaunchScreen.storyboard */ = {
			isa = PBXVariantGroup;
			children = (
				6E9161BD2854CD9C00FE3930 /* Base */,
			);
			name = LaunchScreen.storyboard;
			sourceTree = "<group>";
		};
/* End PBXVariantGroup section */

/* Begin XCBuildConfiguration section */
		6E9161C02854CD9C00FE3930 /* Debug */ = {
			isa = XCBuildConfiguration;
			buildSettings = {
				ALWAYS_SEARCH_USER_PATHS = NO;
				CLANG_ANALYZER_NONNULL = YES;
				CLANG_ANALYZER_NUMBER_OBJECT_CONVERSION = YES_AGGRESSIVE;
				CLANG_CXX_LANGUAGE_STANDARD = "gnu++17";
				CLANG_CXX_LIBRARY = "libc++";
				CLANG_ENABLE_MODULES = YES;
				CLANG_ENABLE_OBJC_ARC = YES;
				CLANG_ENABLE_OBJC_WEAK = YES;
				CLANG_WARN_BLOCK_CAPTURE_AUTORELEASING = YES;
				CLANG_WARN_BOOL_CONVERSION = YES;
				CLANG_WARN_COMMA = YES;
				CLANG_WARN_CONSTANT_CONVERSION = YES;
				CLANG_WARN_DEPRECATED_OBJC_IMPLEMENTATIONS = YES;
				CLANG_WARN_DIRECT_OBJC_ISA_USAGE = YES_ERROR;
				CLANG_WARN_DOCUMENTATION_COMMENTS = YES;
				CLANG_WARN_EMPTY_BODY = YES;
				CLANG_WARN_ENUM_CONVERSION = YES;
				CLANG_WARN_INFINITE_RECURSION = YES;
				CLANG_WARN_INT_CONVERSION = YES;
				CLANG_WARN_NON_LITERAL_NULL_CONVERSION = YES;
				CLANG_WARN_OBJC_IMPLICIT_RETAIN_SELF = YES;
				CLANG_WARN_OBJC_LITERAL_CONVERSION = YES;
				CLANG_WARN_OBJC_ROOT_CLASS = YES_ERROR;
				CLANG_WARN_QUOTED_INCLUDE_IN_FRAMEWORK_HEADER = YES;
				CLANG_WARN_RANGE_LOOP_ANALYSIS = YES;
				CLANG_WARN_STRICT_PROTOTYPES = YES;
				CLANG_WARN_SUSPICIOUS_MOVE = YES;
				CLANG_WARN_UNGUARDED_AVAILABILITY = YES_AGGRESSIVE;
				CLANG_WARN_UNREACHABLE_CODE = YES;
				CLANG_WARN__DUPLICATE_METHOD_MATCH = YES;
				COPY_PHASE_STRIP = NO;
				DEBUG_INFORMATION_FORMAT = dwarf;
				ENABLE_STRICT_OBJC_MSGSEND = YES;
				ENABLE_TESTABILITY = YES;
				GCC_C_LANGUAGE_STANDARD = gnu11;
				GCC_DYNAMIC_NO_PIC = NO;
				GCC_NO_COMMON_BLOCKS = YES;
				GCC_OPTIMIZATION_LEVEL = 0;
				GCC_PREPROCESSOR_DEFINITIONS = (
					"DEBUG=1",
					"$(inherited)",
				);
				GCC_WARN_64_TO_32_BIT_CONVERSION = YES;
				GCC_WARN_ABOUT_RETURN_TYPE = YES_ERROR;
				GCC_WARN_UNDECLARED_SELECTOR = YES;
				GCC_WARN_UNINITIALIZED_AUTOS = YES_AGGRESSIVE;
				GCC_WARN_UNUSED_FUNCTION = YES;
				GCC_WARN_UNUSED_VARIABLE = YES;
				IPHONEOS_DEPLOYMENT_TARGET = 15.0;
				MTL_ENABLE_DEBUG_INFO = INCLUDE_SOURCE;
				MTL_FAST_MATH = YES;
				ONLY_ACTIVE_ARCH = YES;
				SDKROOT = iphoneos;
				SWIFT_ACTIVE_COMPILATION_CONDITIONS = DEBUG;
				SWIFT_OPTIMIZATION_LEVEL = "-Onone";
			};
			name = Debug;
		};
		6E9161C12854CD9C00FE3930 /* Release */ = {
			isa = XCBuildConfiguration;
			buildSettings = {
				ALWAYS_SEARCH_USER_PATHS = NO;
				CLANG_ANALYZER_NONNULL = YES;
				CLANG_ANALYZER_NUMBER_OBJECT_CONVERSION = YES_AGGRESSIVE;
				CLANG_CXX_LANGUAGE_STANDARD = "gnu++17";
				CLANG_CXX_LIBRARY = "libc++";
				CLANG_ENABLE_MODULES = YES;
				CLANG_ENABLE_OBJC_ARC = YES;
				CLANG_ENABLE_OBJC_WEAK = YES;
				CLANG_WARN_BLOCK_CAPTURE_AUTORELEASING = YES;
				CLANG_WARN_BOOL_CONVERSION = YES;
				CLANG_WARN_COMMA = YES;
				CLANG_WARN_CONSTANT_CONVERSION = YES;
				CLANG_WARN_DEPRECATED_OBJC_IMPLEMENTATIONS = YES;
				CLANG_WARN_DIRECT_OBJC_ISA_USAGE = YES_ERROR;
				CLANG_WARN_DOCUMENTATION_COMMENTS = YES;
				CLANG_WARN_EMPTY_BODY = YES;
				CLANG_WARN_ENUM_CONVERSION = YES;
				CLANG_WARN_INFINITE_RECURSION = YES;
				CLANG_WARN_INT_CONVERSION = YES;
				CLANG_WARN_NON_LITERAL_NULL_CONVERSION = YES;
				CLANG_WARN_OBJC_IMPLICIT_RETAIN_SELF = YES;
				CLANG_WARN_OBJC_LITERAL_CONVERSION = YES;
				CLANG_WARN_OBJC_ROOT_CLASS = YES_ERROR;
				CLANG_WARN_QUOTED_INCLUDE_IN_FRAMEWORK_HEADER = YES;
				CLANG_WARN_RANGE_LOOP_ANALYSIS = YES;
				CLANG_WARN_STRICT_PROTOTYPES = YES;
				CLANG_WARN_SUSPICIOUS_MOVE = YES;
				CLANG_WARN_UNGUARDED_AVAILABILITY = YES_AGGRESSIVE;
				CLANG_WARN_UNREACHABLE_CODE = YES;
				CLANG_WARN__DUPLICATE_METHOD_MATCH = YES;
				COPY_PHASE_STRIP = NO;
				DEBUG_INFORMATION_FORMAT = "dwarf-with-dsym";
				ENABLE_NS_ASSERTIONS = NO;
				ENABLE_STRICT_OBJC_MSGSEND = YES;
				GCC_C_LANGUAGE_STANDARD = gnu11;
				GCC_NO_COMMON_BLOCKS = YES;
				GCC_WARN_64_TO_32_BIT_CONVERSION = YES;
				GCC_WARN_ABOUT_RETURN_TYPE = YES_ERROR;
				GCC_WARN_UNDECLARED_SELECTOR = YES;
				GCC_WARN_UNINITIALIZED_AUTOS = YES_AGGRESSIVE;
				GCC_WARN_UNUSED_FUNCTION = YES;
				GCC_WARN_UNUSED_VARIABLE = YES;
				IPHONEOS_DEPLOYMENT_TARGET = 15.0;
				MTL_ENABLE_DEBUG_INFO = NO;
				MTL_FAST_MATH = YES;
				SDKROOT = iphoneos;
				SWIFT_COMPILATION_MODE = wholemodule;
				SWIFT_OPTIMIZATION_LEVEL = "-O";
				VALIDATE_PRODUCT = YES;
			};
			name = Release;
		};
		6E9161C32854CD9C00FE3930 /* Debug */ = {
			isa = XCBuildConfiguration;
			buildSettings = {
				ASSETCATALOG_COMPILER_APPICON_NAME = AppIcon;
				ASSETCATALOG_COMPILER_GLOBAL_ACCENT_COLOR_NAME = AccentColor;
				CODE_SIGN_STYLE = Automatic;
				CURRENT_PROJECT_VERSION = 1;
				DEVELOPMENT_TEAM = 2LFFGTNB7R;
				GENERATE_INFOPLIST_FILE = YES;
				INFOPLIST_FILE = MVVMComRequestAPI/Resources/Info.plist;
				INFOPLIST_KEY_UIApplicationSupportsIndirectInputEvents = YES;
				INFOPLIST_KEY_UILaunchStoryboardName = LaunchScreen;
				INFOPLIST_KEY_UIMainStoryboardFile = Main;
				INFOPLIST_KEY_UISupportedInterfaceOrientations_iPad = "UIInterfaceOrientationPortrait UIInterfaceOrientationPortraitUpsideDown UIInterfaceOrientationLandscapeLeft UIInterfaceOrientationLandscapeRight";
				INFOPLIST_KEY_UISupportedInterfaceOrientations_iPhone = "UIInterfaceOrientationPortrait UIInterfaceOrientationLandscapeLeft UIInterfaceOrientationLandscapeRight";
				LD_RUNPATH_SEARCH_PATHS = (
					"$(inherited)",
					"@executable_path/Frameworks",
				);
				MARKETING_VERSION = 1.0;
				PRODUCT_BUNDLE_IDENTIFIER = com.MVVMComRequestAPI;
				PRODUCT_NAME = "$(TARGET_NAME)";
				SWIFT_EMIT_LOC_STRINGS = YES;
				SWIFT_VERSION = 5.0;
				TARGETED_DEVICE_FAMILY = "1,2";
			};
			name = Debug;
		};
		6E9161C42854CD9C00FE3930 /* Release */ = {
			isa = XCBuildConfiguration;
			buildSettings = {
				ASSETCATALOG_COMPILER_APPICON_NAME = AppIcon;
				ASSETCATALOG_COMPILER_GLOBAL_ACCENT_COLOR_NAME = AccentColor;
				CODE_SIGN_STYLE = Automatic;
				CURRENT_PROJECT_VERSION = 1;
				DEVELOPMENT_TEAM = 2LFFGTNB7R;
				GENERATE_INFOPLIST_FILE = YES;
				INFOPLIST_FILE = MVVMComRequestAPI/Resources/Info.plist;
				INFOPLIST_KEY_UIApplicationSupportsIndirectInputEvents = YES;
				INFOPLIST_KEY_UILaunchStoryboardName = LaunchScreen;
				INFOPLIST_KEY_UIMainStoryboardFile = Main;
				INFOPLIST_KEY_UISupportedInterfaceOrientations_iPad = "UIInterfaceOrientationPortrait UIInterfaceOrientationPortraitUpsideDown UIInterfaceOrientationLandscapeLeft UIInterfaceOrientationLandscapeRight";
				INFOPLIST_KEY_UISupportedInterfaceOrientations_iPhone = "UIInterfaceOrientationPortrait UIInterfaceOrientationLandscapeLeft UIInterfaceOrientationLandscapeRight";
				LD_RUNPATH_SEARCH_PATHS = (
					"$(inherited)",
					"@executable_path/Frameworks",
				);
				MARKETING_VERSION = 1.0;
				PRODUCT_BUNDLE_IDENTIFIER = com.MVVMComRequestAPI;
				PRODUCT_NAME = "$(TARGET_NAME)";
				SWIFT_EMIT_LOC_STRINGS = YES;
				SWIFT_VERSION = 5.0;
				TARGETED_DEVICE_FAMILY = "1,2";
			};
			name = Release;
		};
/* End XCBuildConfiguration section */

/* Begin XCConfigurationList section */
		6E9161A92854CD9A00FE3930 /* Build configuration list for PBXProject "MVVMComRequestAPI" */ = {
			isa = XCConfigurationList;
			buildConfigurations = (
				6E9161C02854CD9C00FE3930 /* Debug */,
				6E9161C12854CD9C00FE3930 /* Release */,
			);
			defaultConfigurationIsVisible = 0;
			defaultConfigurationName = Release;
		};
		6E9161C22854CD9C00FE3930 /* Build configuration list for PBXNativeTarget "MVVMComRequestAPI" */ = {
			isa = XCConfigurationList;
			buildConfigurations = (
				6E9161C32854CD9C00FE3930 /* Debug */,
				6E9161C42854CD9C00FE3930 /* Release */,
			);
			defaultConfigurationIsVisible = 0;
			defaultConfigurationName = Release;
		};
/* End XCConfigurationList section */
	};
	rootObject = 6E9161A62854CD9A00FE3930 /* Project object */;
}
